{
  "version": 4,
  "terraform_version": "1.0.6",
  "serial": 727,
  "lineage": "ef7b8253-be6e-dc67-02e9-53b1eb7ca786",
  "outputs": {
    "eks_cluster_arn": {
      "value": "arn:aws:eks:us-east-1:051171442365:cluster/cluster",
      "type": "string"
    },
    "eks_cluster_endpoint": {
      "value": "https://FA403BD4D2B68A91105BC80C490578F4.gr7.us-east-1.eks.amazonaws.com",
      "type": "string"
    },
    "eks_cluster_id": {
      "value": "cluster",
      "type": "string"
    },
    "eks_cluster_identity_oidc_issuer": {
      "value": "https://oidc.eks.us-east-1.amazonaws.com/id/FA403BD4D2B68A91105BC80C490578F4",
      "type": "string"
    },
    "eks_cluster_managed_security_group_id": {
      "value": "sg-091e9310cd9a5c002",
      "type": "string"
    },
    "eks_cluster_security_group_arn": {
      "value": "arn:aws:ec2:us-east-1:051171442365:security-group/sg-0e9ea19c37f1576fa",
      "type": "string"
    },
    "eks_cluster_security_group_id": {
      "value": "sg-0e9ea19c37f1576fa",
      "type": "string"
    },
    "eks_cluster_security_group_name": {
      "value": "cluster",
      "type": "string"
    },
    "eks_cluster_version": {
      "value": "1.17",
      "type": "string"
    },
    "eks_node_group_arn": {
      "value": "arn:aws:eks:us-east-1:051171442365:nodegroup/cluster/workers/8cbe2d66-fbbe-eb03-585c-0ebc0c074ba5",
      "type": "string"
    },
    "eks_node_group_id": {
      "value": "cluster:workers",
      "type": "string"
    },
    "eks_node_group_resources": {
      "value": [
        [
          {
            "autoscaling_groups": [
              {
                "name": "eks-8cbe2d66-fbbe-eb03-585c-0ebc0c074ba5"
              }
            ],
            "remote_access_security_group_id": ""
          }
        ]
      ],
      "type": [
        "list",
        [
          "list",
          [
            "object",
            {
              "autoscaling_groups": [
                "list",
                [
                  "object",
                  {
                    "name": "string"
                  }
                ]
              ],
              "remote_access_security_group_id": "string"
            }
          ]
        ]
      ]
    },
    "eks_node_group_role_arn": {
      "value": "arn:aws:iam::051171442365:role/workers",
      "type": "string"
    },
    "eks_node_group_role_name": {
      "value": "workers",
      "type": "string"
    },
    "eks_node_group_status": {
      "value": "ACTIVE",
      "type": "string"
    },
    "private_subnet_cidrs": {
      "value": [
        "172.16.0.0/20",
        "172.16.16.0/20"
      ],
      "type": [
        "tuple",
        [
          "string",
          "string"
        ]
      ]
    },
    "public_subnet_cidrs": {
      "value": [
        "172.16.96.0/20",
        "172.16.112.0/20"
      ],
      "type": [
        "tuple",
        [
          "string",
          "string"
        ]
      ]
    },
    "vpc_cidr": {
      "value": "172.16.0.0/16",
      "type": "string"
    }
  },
  "resources": [
    {
      "module": "module.eks_cluster",
      "mode": "data",
      "type": "aws_eks_cluster_auth",
      "name": "eks",
      "provider": "provider[\"registry.terraform.io/hashicorp/aws\"]",
      "instances": [
        {
          "index_key": 0,
          "schema_version": 0,
          "attributes": {
            "id": "cluster",
            "name": "cluster",
            "token": "k8s-aws-v1.aHR0cHM6Ly9zdHMuYW1hem9uYXdzLmNvbS8_QWN0aW9uPUdldENhbGxlcklkZW50aXR5JlZlcnNpb249MjAxMS0wNi0xNSZYLUFtei1BbGdvcml0aG09QVdTNC1ITUFDLVNIQTI1NiZYLUFtei1DcmVkZW50aWFsPUFLSUFRWDJRT0gyNlJYQUlLRzdZJTJGMjAyMTEwMDclMkZ1cy1lYXN0LTElMkZzdHMlMkZhd3M0X3JlcXVlc3QmWC1BbXotRGF0ZT0yMDIxMTAwN1QxMjUwMTNaJlgtQW16LUV4cGlyZXM9MCZYLUFtei1TaWduZWRIZWFkZXJzPWhvc3QlM0J4LWs4cy1hd3MtaWQmWC1BbXotU2lnbmF0dXJlPTRlM2U4NmRlZjJhNjM0M2ZmZDRmYjI5ZjM4MTgxZTE4YTBiYWU4MzU4ZTY0NjYyNjEyMTM5ODBkM2ZlYWRjMTE"
          },
          "sensitive_attributes": []
        }
      ]
    },
    {
      "module": "module.eks_cluster",
      "mode": "data",
      "type": "aws_iam_policy_document",
      "name": "assume_role",
      "provider": "provider[\"registry.terraform.io/hashicorp/aws\"]",
      "instances": [
        {
          "index_key": 0,
          "schema_version": 0,
          "attributes": {
            "id": "189502314",
            "json": "{\n  \"Version\": \"2012-10-17\",\n  \"Statement\": [\n    {\n      \"Sid\": \"\",\n      \"Effect\": \"Allow\",\n      \"Action\": \"sts:AssumeRole\",\n      \"Principal\": {\n        \"Service\": \"eks.amazonaws.com\"\n      }\n    }\n  ]\n}",
            "override_json": null,
            "override_policy_documents": null,
            "policy_id": null,
            "source_json": null,
            "source_policy_documents": null,
            "statement": [
              {
                "actions": [
                  "sts:AssumeRole"
                ],
                "condition": [],
                "effect": "Allow",
                "not_actions": [],
                "not_principals": [],
                "not_resources": [],
                "principals": [
                  {
                    "identifiers": [
                      "eks.amazonaws.com"
                    ],
                    "type": "Service"
                  }
                ],
                "resources": [],
                "sid": ""
              }
            ],
            "version": "2012-10-17"
          },
          "sensitive_attributes": []
        }
      ]
    },
    {
      "module": "module.eks_cluster",
      "mode": "data",
      "type": "aws_iam_policy_document",
      "name": "cluster_elb_service_role",
      "provider": "provider[\"registry.terraform.io/hashicorp/aws\"]",
      "instances": [
        {
          "index_key": 0,
          "schema_version": 0,
          "attributes": {
            "id": "3930010347",
            "json": "{\n  \"Version\": \"2012-10-17\",\n  \"Statement\": [\n    {\n      \"Sid\": \"\",\n      \"Effect\": \"Allow\",\n      \"Action\": [\n        \"elasticloadbalancing:SetSubnets\",\n        \"elasticloadbalancing:SetIpAddressType\",\n        \"ec2:DescribeInternetGateways\",\n        \"ec2:DescribeAddresses\",\n        \"ec2:DescribeAccountAttributes\"\n      ],\n      \"Resource\": \"*\"\n    }\n  ]\n}",
            "override_json": null,
            "override_policy_documents": null,
            "policy_id": null,
            "source_json": null,
            "source_policy_documents": null,
            "statement": [
              {
                "actions": [
                  "ec2:DescribeAccountAttributes",
                  "ec2:DescribeAddresses",
                  "ec2:DescribeInternetGateways",
                  "elasticloadbalancing:SetIpAddressType",
                  "elasticloadbalancing:SetSubnets"
                ],
                "condition": [],
                "effect": "Allow",
                "not_actions": [],
                "not_principals": [],
                "not_resources": [],
                "principals": [],
                "resources": [
                  "*"
                ],
                "sid": ""
              }
            ],
            "version": "2012-10-17"
          },
          "sensitive_attributes": []
        }
      ]
    },
    {
      "module": "module.eks_cluster",
      "mode": "data",
      "type": "aws_partition",
      "name": "current",
      "provider": "provider[\"registry.terraform.io/hashicorp/aws\"]",
      "instances": [
        {
          "index_key": 0,
          "schema_version": 0,
          "attributes": {
            "dns_suffix": "amazonaws.com",
            "id": "aws",
            "partition": "aws",
            "reverse_dns_prefix": "com.amazonaws"
          },
          "sensitive_attributes": []
        }
      ]
    },
    {
      "module": "module.eks_cluster",
      "mode": "data",
      "type": "tls_certificate",
      "name": "cluster",
      "provider": "provider[\"registry.terraform.io/hashicorp/tls\"]",
      "instances": [
        {
          "index_key": 0,
          "schema_version": 0,
          "attributes": {
            "certificates": [
              {
                "is_ca": true,
                "issuer": "OU=Starfield Class 2 Certification Authority,O=Starfield Technologies\\, Inc.,C=US",
                "not_after": "2034-06-28T17:39:16Z",
                "not_before": "2009-09-02T00:00:00Z",
                "public_key_algorithm": "RSA",
                "serial_number": "12037640545166866303",
                "sha1_fingerprint": "9e99a48a9960b14926bb7f3b02e22da2b0ab7280",
                "signature_algorithm": "SHA256-RSA",
                "subject": "CN=Starfield Services Root Certificate Authority - G2,O=Starfield Technologies\\, Inc.,L=Scottsdale,ST=Arizona,C=US",
                "version": 3
              },
              {
                "is_ca": true,
                "issuer": "CN=Starfield Services Root Certificate Authority - G2,O=Starfield Technologies\\, Inc.,L=Scottsdale,ST=Arizona,C=US",
                "not_after": "2037-12-31T01:00:00Z",
                "not_before": "2015-05-25T12:00:00Z",
                "public_key_algorithm": "RSA",
                "serial_number": "144918191876577076464031512351042010504348870",
                "sha1_fingerprint": "06b25927c42a721631c1efd9431e648fa62e1e39",
                "signature_algorithm": "SHA256-RSA",
                "subject": "CN=Amazon Root CA 1,O=Amazon,C=US",
                "version": 3
              },
              {
                "is_ca": true,
                "issuer": "CN=Amazon Root CA 1,O=Amazon,C=US",
                "not_after": "2025-10-19T00:00:00Z",
                "not_before": "2015-10-22T00:00:00Z",
                "public_key_algorithm": "RSA",
                "serial_number": "144918209630989264145272943054026349679957517",
                "sha1_fingerprint": "917e732d330f9a12404f73d8bea36948b929dffc",
                "signature_algorithm": "SHA256-RSA",
                "subject": "CN=Amazon,OU=Server CA 1B,O=Amazon,C=US",
                "version": 3
              },
              {
                "is_ca": false,
                "issuer": "CN=Amazon,OU=Server CA 1B,O=Amazon,C=US",
                "not_after": "2022-07-11T23:59:59Z",
                "not_before": "2021-06-12T00:00:00Z",
                "public_key_algorithm": "RSA",
                "serial_number": "17394337148501369979403692734506650154",
                "sha1_fingerprint": "e895c9a1be77b6c6300dc2525548225a675b1955",
                "signature_algorithm": "SHA256-RSA",
                "subject": "CN=oidc.eks.us-east-1.amazonaws.com",
                "version": 3
              }
            ],
            "id": "2021-10-07 12:50:15.2165309 +0000 UTC",
            "url": "https://oidc.eks.us-east-1.amazonaws.com/id/FA403BD4D2B68A91105BC80C490578F4",
            "verify_chain": true
          },
          "sensitive_attributes": []
        }
      ]
    },
    {
      "module": "module.eks_cluster",
      "mode": "managed",
      "type": "aws_eks_cluster",
      "name": "default",
      "provider": "provider[\"registry.terraform.io/hashicorp/aws\"]",
      "instances": [
        {
          "index_key": 0,
          "schema_version": 0,
          "attributes": {
            "arn": "arn:aws:eks:us-east-1:051171442365:cluster/cluster",
            "certificate_authority": [
              {
                "data": "LS0tLS1CRUdJTiBDRVJUSUZJQ0FURS0tLS0tCk1JSUN5RENDQWJDZ0F3SUJBZ0lCQURBTkJna3Foa2lHOXcwQkFRc0ZBREFWTVJNd0VRWURWUVFERXdwcmRXSmwKY201bGRHVnpNQjRYRFRJeE1UQXdOekV5TkRZek1Gb1hEVE14TVRBd05URXlORFl6TUZvd0ZURVRNQkVHQTFVRQpBeE1LYTNWaVpYSnVaWFJsY3pDQ0FTSXdEUVlKS29aSWh2Y05BUUVCQlFBRGdnRVBBRENDQVFvQ2dnRUJBS3RsClNINDdESDFOdXcwUGFHWWpRUjI1M2x0ZitKUk5PcmpUdFp4dlliREpWZ21CUEkrUFVxc1FJc0YvcGJsRHdZVFIKZlpSZWpaZVdlNTJUSmppKzRUSWFXK1NOb3NyWGNZR200R3JsREI0ZTRsU0EwRWwxZTBQTE0rT1RnOFgzMDk2eAp5aXU2SXlqMjlDOXpRVnVIaFlWVGtZL3g0SUpIYW5KOWJJSjNaQzQ1ODdkNm9BRzJTTGxqSXBLZ3NwMFdicnQwCitacE9GdlQ0dUR5N1JzaTlZS1JLK2JNc3N3VStNUmp0dUVpSVdCVGZMck00N09nM1lxWUc0aE53ZTRhVW1qS20KVlVNMW40OTE4NlczUDNaLzJwRmljQUN5VWVxZ2VLTGZIWm00ckVDczRLTXFBR25aS0kvWDdtZkhEQ2x4UFlYLwo5UEkwQ3EzNlUwdENNc2xzNEFjQ0F3RUFBYU1qTUNFd0RnWURWUjBQQVFIL0JBUURBZ0trTUE4R0ExVWRFd0VCCi93UUZNQU1CQWY4d0RRWUpLb1pJaHZjTkFRRUxCUUFEZ2dFQkFFNXh5SnNFbjk0ZVNPemRtMWY4eUpCdEJpUjkKa2M1aWtFMWFmMzlrOGJ1STV0UjZaWFFhYnMvV0QwOStuWXh4dnRNUXNFZWorNzFNbkJDaURobWxOekJZREpDcgo0WHFJbis1RE9qUXlKSWR6cmVESWJIWDRpQnB4TGhhaHhFWVZibDlIVFUzMVpnb3d0UDhDaEZlY0dxYnZRU29kCjdreURGbUppOGlUQ0R6bzRwazFQcnFYbjB6cGhhbldxZEk2MmcvNEpFOUN4aXQzRkFlS2VpUnVKbXBHVGswMHkKTUIxbFZjSW9QL0NaeW01NmpGd2Y5QTVaWFdTYlJVQXN5SDRjYnZlYkI0ZVB2Skh4QVJrcGx6aXdkTFZHUG44dwpOQ1NNTjJwbHQ5bjAwU0JLdjdReUxJNU5uSWovMzUzWmVtNldhbXNjZ2RXM0tReWFFbWp1d3Q1RXY1MD0KLS0tLS1FTkQgQ0VSVElGSUNBVEUtLS0tLQo="
              }
            ],
            "created_at": "2021-10-07 12:39:11.131 +0000 UTC",
            "enabled_cluster_log_types": null,
            "encryption_config": [
              {
                "provider": [
                  {
                    "key_arn": "arn:aws:kms:us-east-1:051171442365:key/74e87e80-2cbb-4277-8775-4c54496e18e9"
                  }
                ],
                "resources": [
                  "secrets"
                ]
              }
            ],
            "endpoint": "https://FA403BD4D2B68A91105BC80C490578F4.gr7.us-east-1.eks.amazonaws.com",
            "id": "cluster",
            "identity": [
              {
                "oidc": [
                  {
                    "issuer": "https://oidc.eks.us-east-1.amazonaws.com/id/FA403BD4D2B68A91105BC80C490578F4"
                  }
                ]
              }
            ],
            "kubernetes_network_config": [
              {
                "service_ipv4_cidr": "10.100.0.0/16"
              }
            ],
            "name": "cluster",
            "platform_version": "eks.9",
            "role_arn": "arn:aws:iam::051171442365:role/cluster",
            "status": "ACTIVE",
            "tags": {
              "Attributes": "cluster",
              "Name": "cluster"
            },
            "tags_all": {
              "Attributes": "cluster",
              "Name": "cluster"
            },
            "timeouts": null,
            "version": "1.17",
            "vpc_config": [
              {
                "cluster_security_group_id": "sg-091e9310cd9a5c002",
                "endpoint_private_access": false,
                "endpoint_public_access": true,
                "public_access_cidrs": [
                  "0.0.0.0/0"
                ],
                "security_group_ids": [
                  "sg-0e9ea19c37f1576fa"
                ],
                "subnet_ids": [
                  "subnet-00300f4bf4869af35",
                  "subnet-0039b161fa24fa8c1",
                  "subnet-0193123b9d289cccc",
                  "subnet-0ebaa46365c829a61"
                ],
                "vpc_id": "vpc-02791e16e019fcac7"
              }
            ]
          },
          "sensitive_attributes": [],
          "private": "eyJlMmJmYjczMC1lY2FhLTExZTYtOGY4OC0zNDM2M2JjN2M0YzAiOnsiY3JlYXRlIjoxODAwMDAwMDAwMDAwLCJkZWxldGUiOjkwMDAwMDAwMDAwMCwidXBkYXRlIjozNjAwMDAwMDAwMDAwfX0=",
          "dependencies": [
            "module.eks_cluster.aws_cloudwatch_log_group.default",
            "module.eks_cluster.aws_iam_role.default",
            "module.eks_cluster.aws_iam_role_policy_attachment.amazon_eks_cluster_policy",
            "module.eks_cluster.aws_iam_role_policy_attachment.amazon_eks_service_policy",
            "module.eks_cluster.aws_kms_key.cluster",
            "module.eks_cluster.aws_security_group.default",
            "module.eks_cluster.aws_security_group_rule.egress",
            "module.eks_cluster.aws_security_group_rule.ingress_cidr_blocks",
            "module.eks_cluster.aws_security_group_rule.ingress_security_groups",
            "module.eks_cluster.aws_security_group_rule.ingress_workers",
            "module.eks_cluster.data.aws_iam_policy_document.assume_role",
            "module.eks_cluster.data.aws_partition.current",
            "module.subnets.aws_subnet.private",
            "module.subnets.aws_subnet.public",
            "module.subnets.data.aws_availability_zones.available",
            "module.subnets.data.aws_vpc.default",
            "module.vpc.aws_vpc.default"
          ]
        }
      ]
    },
    {
      "module": "module.eks_cluster",
      "mode": "managed",
      "type": "aws_iam_openid_connect_provider",
      "name": "default",
      "provider": "provider[\"registry.terraform.io/hashicorp/aws\"]",
      "instances": [
        {
          "index_key": 0,
          "schema_version": 0,
          "attributes": {
            "arn": "arn:aws:iam::051171442365:oidc-provider/oidc.eks.us-east-1.amazonaws.com/id/FA403BD4D2B68A91105BC80C490578F4",
            "client_id_list": [
              "sts.amazonaws.com"
            ],
            "id": "arn:aws:iam::051171442365:oidc-provider/oidc.eks.us-east-1.amazonaws.com/id/FA403BD4D2B68A91105BC80C490578F4",
            "tags": {
              "Attributes": "cluster",
              "Name": "cluster"
            },
            "tags_all": {
              "Attributes": "cluster",
              "Name": "cluster"
            },
            "thumbprint_list": [
              "9e99a48a9960b14926bb7f3b02e22da2b0ab7280"
            ],
            "url": "oidc.eks.us-east-1.amazonaws.com/id/FA403BD4D2B68A91105BC80C490578F4"
          },
          "sensitive_attributes": [],
          "private": "bnVsbA==",
          "dependencies": [
            "module.eks_cluster.aws_cloudwatch_log_group.default",
            "module.eks_cluster.aws_eks_cluster.default",
            "module.eks_cluster.aws_iam_role.default",
            "module.eks_cluster.aws_iam_role_policy_attachment.amazon_eks_cluster_policy",
            "module.eks_cluster.aws_iam_role_policy_attachment.amazon_eks_service_policy",
            "module.eks_cluster.aws_kms_key.cluster",
            "module.eks_cluster.aws_security_group.default",
            "module.eks_cluster.aws_security_group_rule.egress",
            "module.eks_cluster.aws_security_group_rule.ingress_cidr_blocks",
            "module.eks_cluster.aws_security_group_rule.ingress_security_groups",
            "module.eks_cluster.aws_security_group_rule.ingress_workers",
            "module.eks_cluster.data.aws_iam_policy_document.assume_role",
            "module.eks_cluster.data.aws_partition.current",
            "module.eks_cluster.data.tls_certificate.cluster",
            "module.subnets.aws_subnet.private",
            "module.subnets.aws_subnet.public",
            "module.subnets.data.aws_availability_zones.available",
            "module.subnets.data.aws_vpc.default",
            "module.vpc.aws_vpc.default"
          ]
        }
      ]
    },
    {
      "module": "module.eks_cluster",
      "mode": "managed",
      "type": "aws_iam_role",
      "name": "default",
      "provider": "provider[\"registry.terraform.io/hashicorp/aws\"]",
      "instances": [
        {
          "index_key": 0,
          "schema_version": 0,
          "attributes": {
            "arn": "arn:aws:iam::051171442365:role/cluster",
            "assume_role_policy": "{\"Version\":\"2012-10-17\",\"Statement\":[{\"Sid\":\"\",\"Effect\":\"Allow\",\"Principal\":{\"Service\":\"eks.amazonaws.com\"},\"Action\":\"sts:AssumeRole\"}]}",
            "create_date": "2021-10-07T12:38:24Z",
            "description": "",
            "force_detach_policies": false,
            "id": "cluster",
            "inline_policy": [
              {
                "name": "",
                "policy": ""
              }
            ],
            "managed_policy_arns": [],
            "max_session_duration": 3600,
            "name": "cluster",
            "name_prefix": "",
            "path": "/",
            "permissions_boundary": null,
            "tags": {
              "Attributes": "cluster",
              "Name": "cluster"
            },
            "tags_all": {
              "Attributes": "cluster",
              "Name": "cluster"
            },
            "unique_id": "AROAQX2QOH262M6BQBWFD"
          },
          "sensitive_attributes": [],
          "private": "bnVsbA==",
          "dependencies": [
            "module.eks_cluster.data.aws_iam_policy_document.assume_role"
          ]
        }
      ]
    },
    {
      "module": "module.eks_cluster",
      "mode": "managed",
      "type": "aws_iam_role_policy",
      "name": "cluster_elb_service_role",
      "provider": "provider[\"registry.terraform.io/hashicorp/aws\"]",
      "instances": [
        {
          "index_key": 0,
          "schema_version": 0,
          "attributes": {
            "id": "cluster:cluster",
            "name": "cluster",
            "name_prefix": null,
            "policy": "{\n  \"Version\": \"2012-10-17\",\n  \"Statement\": [\n    {\n      \"Sid\": \"\",\n      \"Effect\": \"Allow\",\n      \"Action\": [\n        \"elasticloadbalancing:SetSubnets\",\n        \"elasticloadbalancing:SetIpAddressType\",\n        \"ec2:DescribeInternetGateways\",\n        \"ec2:DescribeAddresses\",\n        \"ec2:DescribeAccountAttributes\"\n      ],\n      \"Resource\": \"*\"\n    }\n  ]\n}",
            "role": "cluster"
          },
          "sensitive_attributes": [],
          "private": "bnVsbA==",
          "dependencies": [
            "module.eks_cluster.aws_iam_role.default",
            "module.eks_cluster.data.aws_iam_policy_document.assume_role",
            "module.eks_cluster.data.aws_iam_policy_document.cluster_elb_service_role"
          ]
        }
      ]
    },
    {
      "module": "module.eks_cluster",
      "mode": "managed",
      "type": "aws_iam_role_policy_attachment",
      "name": "amazon_eks_cluster_policy",
      "provider": "provider[\"registry.terraform.io/hashicorp/aws\"]",
      "instances": [
        {
          "index_key": 0,
          "schema_version": 0,
          "attributes": {
            "id": "cluster-20211007123828216700000002",
            "policy_arn": "arn:aws:iam::aws:policy/AmazonEKSClusterPolicy",
            "role": "cluster"
          },
          "sensitive_attributes": [],
          "private": "bnVsbA==",
          "dependencies": [
            "module.eks_cluster.aws_iam_role.default",
            "module.eks_cluster.data.aws_iam_policy_document.assume_role",
            "module.eks_cluster.data.aws_partition.current"
          ]
        }
      ]
    },
    {
      "module": "module.eks_cluster",
      "mode": "managed",
      "type": "aws_iam_role_policy_attachment",
      "name": "amazon_eks_service_policy",
      "provider": "provider[\"registry.terraform.io/hashicorp/aws\"]",
      "instances": [
        {
          "index_key": 0,
          "schema_version": 0,
          "attributes": {
            "id": "cluster-20211007123828182000000001",
            "policy_arn": "arn:aws:iam::aws:policy/AmazonEKSServicePolicy",
            "role": "cluster"
          },
          "sensitive_attributes": [],
          "private": "bnVsbA==",
          "dependencies": [
            "module.eks_cluster.aws_iam_role.default",
            "module.eks_cluster.data.aws_iam_policy_document.assume_role",
            "module.eks_cluster.data.aws_partition.current"
          ]
        }
      ]
    },
    {
      "module": "module.eks_cluster",
      "mode": "managed",
      "type": "aws_kms_alias",
      "name": "cluster",
      "provider": "provider[\"registry.terraform.io/hashicorp/aws\"]",
      "instances": [
        {
          "index_key": 0,
          "schema_version": 0,
          "attributes": {
            "arn": "arn:aws:kms:us-east-1:051171442365:alias/cluster",
            "id": "alias/cluster",
            "name": "alias/cluster",
            "name_prefix": "",
            "target_key_arn": "arn:aws:kms:us-east-1:051171442365:key/74e87e80-2cbb-4277-8775-4c54496e18e9",
            "target_key_id": "74e87e80-2cbb-4277-8775-4c54496e18e9"
          },
          "sensitive_attributes": [],
          "private": "bnVsbA==",
          "dependencies": [
            "module.eks_cluster.aws_kms_key.cluster"
          ]
        }
      ]
    },
    {
      "module": "module.eks_cluster",
      "mode": "managed",
      "type": "aws_kms_key",
      "name": "cluster",
      "provider": "provider[\"registry.terraform.io/hashicorp/aws\"]",
      "instances": [
        {
          "index_key": 0,
          "schema_version": 0,
          "attributes": {
            "arn": "arn:aws:kms:us-east-1:051171442365:key/74e87e80-2cbb-4277-8775-4c54496e18e9",
            "bypass_policy_lockout_safety_check": false,
            "customer_master_key_spec": "SYMMETRIC_DEFAULT",
            "deletion_window_in_days": 10,
            "description": "EKS Cluster cluster Encryption Config KMS Key",
            "enable_key_rotation": true,
            "id": "74e87e80-2cbb-4277-8775-4c54496e18e9",
            "is_enabled": true,
            "key_id": "74e87e80-2cbb-4277-8775-4c54496e18e9",
            "key_usage": "ENCRYPT_DECRYPT",
            "policy": "{\"Id\":\"key-default-1\",\"Statement\":[{\"Action\":\"kms:*\",\"Effect\":\"Allow\",\"Principal\":{\"AWS\":\"arn:aws:iam::051171442365:root\"},\"Resource\":\"*\",\"Sid\":\"Enable IAM User Permissions\"}],\"Version\":\"2012-10-17\"}",
            "tags": {
              "Attributes": "cluster",
              "Name": "cluster"
            },
            "tags_all": {
              "Attributes": "cluster",
              "Name": "cluster"
            }
          },
          "sensitive_attributes": [],
          "private": "bnVsbA=="
        }
      ]
    },
    {
      "module": "module.eks_cluster",
      "mode": "managed",
      "type": "aws_security_group",
      "name": "default",
      "provider": "provider[\"registry.terraform.io/hashicorp/aws\"]",
      "instances": [
        {
          "index_key": 0,
          "schema_version": 1,
          "attributes": {
            "arn": "arn:aws:ec2:us-east-1:051171442365:security-group/sg-0e9ea19c37f1576fa",
            "description": "Security Group for EKS cluster",
            "egress": [],
            "id": "sg-0e9ea19c37f1576fa",
            "ingress": [],
            "name": "cluster",
            "name_prefix": "",
            "owner_id": "051171442365",
            "revoke_rules_on_delete": false,
            "tags": {
              "Attributes": "cluster",
              "Name": "cluster"
            },
            "tags_all": {
              "Attributes": "cluster",
              "Name": "cluster"
            },
            "timeouts": null,
            "vpc_id": "vpc-02791e16e019fcac7"
          },
          "sensitive_attributes": [],
          "private": "eyJlMmJmYjczMC1lY2FhLTExZTYtOGY4OC0zNDM2M2JjN2M0YzAiOnsiY3JlYXRlIjo2MDAwMDAwMDAwMDAsImRlbGV0ZSI6OTAwMDAwMDAwMDAwfSwic2NoZW1hX3ZlcnNpb24iOiIxIn0=",
          "dependencies": [
            "module.vpc.aws_vpc.default"
          ]
        }
      ]
    },
    {
      "module": "module.eks_cluster",
      "mode": "managed",
      "type": "aws_security_group_rule",
      "name": "egress",
      "provider": "provider[\"registry.terraform.io/hashicorp/aws\"]",
      "instances": [
        {
          "index_key": 0,
          "schema_version": 2,
          "attributes": {
            "cidr_blocks": [
              "0.0.0.0/0"
            ],
            "description": "Allow all egress traffic",
            "from_port": 0,
            "id": "sgrule-2119195943",
            "ipv6_cidr_blocks": null,
            "prefix_list_ids": null,
            "protocol": "-1",
            "security_group_id": "sg-0e9ea19c37f1576fa",
            "self": false,
            "source_security_group_id": null,
            "to_port": 0,
            "type": "egress"
          },
          "sensitive_attributes": [],
          "private": "eyJzY2hlbWFfdmVyc2lvbiI6IjIifQ==",
          "dependencies": [
            "module.eks_cluster.aws_security_group.default",
            "module.vpc.aws_vpc.default"
          ]
        }
      ]
    },
    {
      "module": "module.eks_node_group",
      "mode": "data",
      "type": "aws_iam_policy_document",
      "name": "assume_role",
      "provider": "provider[\"registry.terraform.io/hashicorp/aws\"]",
      "instances": [
        {
          "index_key": 0,
          "schema_version": 0,
          "attributes": {
            "id": "1903849331",
            "json": "{\n  \"Version\": \"2012-10-17\",\n  \"Statement\": [\n    {\n      \"Sid\": \"\",\n      \"Effect\": \"Allow\",\n      \"Action\": \"sts:AssumeRole\",\n      \"Principal\": {\n        \"Service\": \"ec2.amazonaws.com\"\n      }\n    }\n  ]\n}",
            "override_json": null,
            "override_policy_documents": null,
            "policy_id": null,
            "source_json": null,
            "source_policy_documents": null,
            "statement": [
              {
                "actions": [
                  "sts:AssumeRole"
                ],
                "condition": [],
                "effect": "Allow",
                "not_actions": [],
                "not_principals": [],
                "not_resources": [],
                "principals": [
                  {
                    "identifiers": [
                      "ec2.amazonaws.com"
                    ],
                    "type": "Service"
                  }
                ],
                "resources": [],
                "sid": ""
              }
            ],
            "version": "2012-10-17"
          },
          "sensitive_attributes": []
        }
      ]
    },
    {
      "module": "module.eks_node_group",
      "mode": "data",
      "type": "aws_partition",
      "name": "current",
      "provider": "provider[\"registry.terraform.io/hashicorp/aws\"]",
      "instances": [
        {
          "index_key": 0,
          "schema_version": 0,
          "attributes": {
            "dns_suffix": "amazonaws.com",
            "id": "aws",
            "partition": "aws",
            "reverse_dns_prefix": "com.amazonaws"
          },
          "sensitive_attributes": []
        }
      ]
    },
    {
      "module": "module.eks_node_group",
      "mode": "managed",
      "type": "aws_eks_node_group",
      "name": "default",
      "provider": "provider[\"registry.terraform.io/hashicorp/aws\"]",
      "instances": [
        {
          "index_key": 0,
          "schema_version": 0,
          "attributes": {
            "ami_type": "AL2_x86_64",
            "arn": "arn:aws:eks:us-east-1:051171442365:nodegroup/cluster/workers/8cbe2d66-fbbe-eb03-585c-0ebc0c074ba5",
            "capacity_type": "ON_DEMAND",
            "cluster_name": "cluster",
            "disk_size": 0,
            "force_update_version": null,
            "id": "cluster:workers",
            "instance_types": [
              "t3.medium"
            ],
            "labels": null,
            "launch_template": [
              {
                "id": "lt-062fe18266a880870",
                "name": "workers20211007125016150000000006",
                "version": "1"
              }
            ],
            "node_group_name": "workers",
            "node_group_name_prefix": "",
            "node_role_arn": "arn:aws:iam::051171442365:role/workers",
            "release_version": "1.17.17-20211004",
            "remote_access": [],
            "resources": [
              {
                "autoscaling_groups": [
                  {
                    "name": "eks-8cbe2d66-fbbe-eb03-585c-0ebc0c074ba5"
                  }
                ],
                "remote_access_security_group_id": ""
              }
            ],
            "scaling_config": [
              {
                "desired_size": 2,
                "max_size": 2,
                "min_size": 1
              }
            ],
            "status": "ACTIVE",
            "subnet_ids": [
              "subnet-00300f4bf4869af35",
              "subnet-0039b161fa24fa8c1"
            ],
            "tags": {
              "Attributes": "workers",
              "Name": "workers",
              "kubernetes.io/cluster/cluster": "owned"
            },
            "tags_all": {
              "Attributes": "workers",
              "Name": "workers",
              "kubernetes.io/cluster/cluster": "owned"
            },
            "taint": [],
            "timeouts": null,
            "update_config": [
              {
                "max_unavailable": 1,
                "max_unavailable_percentage": 0
              }
            ],
            "version": "1.17"
          },
          "sensitive_attributes": [],
          "private": "eyJlMmJmYjczMC1lY2FhLTExZTYtOGY4OC0zNDM2M2JjN2M0YzAiOnsiY3JlYXRlIjozNjAwMDAwMDAwMDAwLCJkZWxldGUiOjM2MDAwMDAwMDAwMDAsInVwZGF0ZSI6MzYwMDAwMDAwMDAwMH19",
          "dependencies": [
            "module.eks_cluster.aws_cloudwatch_log_group.default",
            "module.eks_cluster.aws_eks_cluster.default",
            "module.eks_cluster.aws_iam_role.default",
            "module.eks_cluster.aws_iam_role_policy_attachment.amazon_eks_cluster_policy",
            "module.eks_cluster.aws_iam_role_policy_attachment.amazon_eks_service_policy",
            "module.eks_cluster.aws_kms_key.cluster",
            "module.eks_cluster.aws_security_group.default",
            "module.eks_cluster.aws_security_group_rule.egress",
            "module.eks_cluster.aws_security_group_rule.ingress_cidr_blocks",
            "module.eks_cluster.aws_security_group_rule.ingress_security_groups",
            "module.eks_cluster.aws_security_group_rule.ingress_workers",
            "module.eks_cluster.data.aws_eks_cluster_auth.eks",
            "module.eks_cluster.data.aws_iam_policy_document.assume_role",
            "module.eks_cluster.data.aws_partition.current",
            "module.eks_cluster.kubernetes_config_map.aws_auth",
            "module.eks_cluster.kubernetes_config_map.aws_auth_ignore_changes",
            "module.eks_node_group.aws_iam_role.default",
            "module.eks_node_group.aws_iam_role_policy_attachment.amazon_ec2_container_registry_read_only",
            "module.eks_node_group.aws_iam_role_policy_attachment.amazon_eks_cni_policy",
            "module.eks_node_group.aws_iam_role_policy_attachment.amazon_eks_worker_node_autoscale_policy",
            "module.eks_node_group.aws_iam_role_policy_attachment.amazon_eks_worker_node_policy",
            "module.eks_node_group.aws_launch_template.default",
            "module.eks_node_group.aws_security_group.remote_access",
            "module.eks_node_group.data.aws_ami.selected",
            "module.eks_node_group.data.aws_eks_cluster.this",
            "module.eks_node_group.data.aws_iam_policy_document.assume_role",
            "module.eks_node_group.data.aws_launch_template.this",
            "module.eks_node_group.data.aws_partition.current",
            "module.subnets.aws_subnet.private",
            "module.subnets.aws_subnet.public",
            "module.subnets.data.aws_availability_zones.available",
            "module.subnets.data.aws_vpc.default",
            "module.vpc.aws_vpc.default"
          ]
        }
      ]
    },
    {
      "module": "module.eks_node_group",
      "mode": "managed",
      "type": "aws_iam_role",
      "name": "default",
      "provider": "provider[\"registry.terraform.io/hashicorp/aws\"]",
      "instances": [
        {
          "index_key": 0,
          "schema_version": 0,
          "attributes": {
            "arn": "arn:aws:iam::051171442365:role/workers",
            "assume_role_policy": "{\"Version\":\"2012-10-17\",\"Statement\":[{\"Sid\":\"\",\"Effect\":\"Allow\",\"Principal\":{\"Service\":\"ec2.amazonaws.com\"},\"Action\":\"sts:AssumeRole\"}]}",
            "create_date": "2021-10-07T12:38:24Z",
            "description": "",
            "force_detach_policies": false,
            "id": "workers",
            "inline_policy": [
              {
                "name": "",
                "policy": ""
              }
            ],
            "managed_policy_arns": [],
            "max_session_duration": 3600,
            "name": "workers",
            "name_prefix": "",
            "path": "/",
            "permissions_boundary": null,
            "tags": {
              "Attributes": "workers",
              "Name": "workers"
            },
            "tags_all": {
              "Attributes": "workers",
              "Name": "workers"
            },
            "unique_id": "AROAQX2QOH26TAC3GEYW3"
          },
          "sensitive_attributes": [],
          "private": "bnVsbA==",
          "dependencies": [
            "module.eks_node_group.data.aws_iam_policy_document.assume_role"
          ]
        }
      ]
    },
    {
      "module": "module.eks_node_group",
      "mode": "managed",
      "type": "aws_iam_role_policy_attachment",
      "name": "amazon_ec2_container_registry_read_only",
      "provider": "provider[\"registry.terraform.io/hashicorp/aws\"]",
      "instances": [
        {
          "index_key": 0,
          "schema_version": 0,
          "attributes": {
            "id": "workers-20211007123828320400000005",
            "policy_arn": "arn:aws:iam::aws:policy/AmazonEC2ContainerRegistryReadOnly",
            "role": "workers"
          },
          "sensitive_attributes": [],
          "private": "bnVsbA==",
          "dependencies": [
            "module.eks_node_group.aws_iam_role.default",
            "module.eks_node_group.data.aws_iam_policy_document.assume_role",
            "module.eks_node_group.data.aws_partition.current"
          ]
        }
      ]
    },
    {
      "module": "module.eks_node_group",
      "mode": "managed",
      "type": "aws_iam_role_policy_attachment",
      "name": "amazon_eks_cni_policy",
      "provider": "provider[\"registry.terraform.io/hashicorp/aws\"]",
      "instances": [
        {
          "index_key": 0,
          "schema_version": 0,
          "attributes": {
            "id": "workers-20211007123828254500000004",
            "policy_arn": "arn:aws:iam::aws:policy/AmazonEKS_CNI_Policy",
            "role": "workers"
          },
          "sensitive_attributes": [],
          "private": "bnVsbA==",
          "dependencies": [
            "module.eks_node_group.aws_iam_role.default",
            "module.eks_node_group.data.aws_iam_policy_document.assume_role",
            "module.eks_node_group.data.aws_partition.current"
          ]
        }
      ]
    },
    {
      "module": "module.eks_node_group",
      "mode": "managed",
      "type": "aws_iam_role_policy_attachment",
      "name": "amazon_eks_worker_node_policy",
      "provider": "provider[\"registry.terraform.io/hashicorp/aws\"]",
      "instances": [
        {
          "index_key": 0,
          "schema_version": 0,
          "attributes": {
            "id": "workers-20211007123828254500000003",
            "policy_arn": "arn:aws:iam::aws:policy/AmazonEKSWorkerNodePolicy",
            "role": "workers"
          },
          "sensitive_attributes": [],
          "private": "bnVsbA==",
          "dependencies": [
            "module.eks_node_group.aws_iam_role.default",
            "module.eks_node_group.data.aws_iam_policy_document.assume_role",
            "module.eks_node_group.data.aws_partition.current"
          ]
        }
      ]
    },
    {
      "module": "module.eks_node_group",
      "mode": "managed",
      "type": "aws_launch_template",
      "name": "default",
      "provider": "provider[\"registry.terraform.io/hashicorp/aws\"]",
      "instances": [
        {
          "index_key": 0,
          "schema_version": 0,
          "attributes": {
            "arn": "arn:aws:ec2:us-east-1:051171442365:launch-template/lt-062fe18266a880870",
            "block_device_mappings": [
              {
                "device_name": "/dev/xvda",
                "ebs": [
                  {
                    "delete_on_termination": "",
                    "encrypted": "false",
                    "iops": 0,
                    "kms_key_id": "",
                    "snapshot_id": "",
                    "throughput": 0,
                    "volume_size": 20,
                    "volume_type": ""
                  }
                ],
                "no_device": "",
                "virtual_name": ""
              }
            ],
            "capacity_reservation_specification": [],
            "cpu_options": [],
            "credit_specification": [],
            "default_version": 1,
            "description": "",
            "disable_api_termination": false,
            "ebs_optimized": "",
            "elastic_gpu_specifications": [],
            "elastic_inference_accelerator": [],
            "enclave_options": [],
            "hibernation_options": [],
            "iam_instance_profile": [],
            "id": "lt-062fe18266a880870",
            "image_id": "",
            "instance_initiated_shutdown_behavior": "",
            "instance_market_options": [],
            "instance_type": "",
            "kernel_id": "",
            "key_name": "",
            "latest_version": 1,
            "license_specification": [],
            "metadata_options": [
              {
                "http_endpoint": "enabled",
                "http_protocol_ipv6": "disabled",
                "http_put_response_hop_limit": 2,
                "http_tokens": "optional"
              }
            ],
            "monitoring": [],
            "name": "workers20211007125016150000000006",
            "name_prefix": "workers",
            "network_interfaces": [],
            "placement": [],
            "ram_disk_id": "",
            "security_group_names": null,
            "tag_specifications": [],
            "tags": {
              "Attributes": "workers",
              "Name": "workers",
              "kubernetes.io/cluster/cluster": "owned"
            },
            "tags_all": {
              "Attributes": "workers",
              "Name": "workers",
              "kubernetes.io/cluster/cluster": "owned"
            },
            "update_default_version": true,
            "user_data": "",
            "vpc_security_group_ids": null
          },
          "sensitive_attributes": [],
          "private": "bnVsbA==",
          "dependencies": [
            "module.eks_cluster.aws_cloudwatch_log_group.default",
            "module.eks_cluster.aws_eks_cluster.default",
            "module.eks_cluster.aws_iam_role.default",
            "module.eks_cluster.aws_iam_role_policy_attachment.amazon_eks_cluster_policy",
            "module.eks_cluster.aws_iam_role_policy_attachment.amazon_eks_service_policy",
            "module.eks_cluster.aws_kms_key.cluster",
            "module.eks_cluster.aws_security_group.default",
            "module.eks_cluster.aws_security_group_rule.egress",
            "module.eks_cluster.aws_security_group_rule.ingress_cidr_blocks",
            "module.eks_cluster.aws_security_group_rule.ingress_security_groups",
            "module.eks_cluster.aws_security_group_rule.ingress_workers",
            "module.eks_cluster.data.aws_iam_policy_document.assume_role",
            "module.eks_cluster.data.aws_partition.current",
            "module.eks_node_group.aws_security_group.remote_access",
            "module.eks_node_group.data.aws_ami.selected",
            "module.eks_node_group.data.aws_eks_cluster.this",
            "module.subnets.aws_subnet.private",
            "module.subnets.aws_subnet.public",
            "module.subnets.data.aws_availability_zones.available",
            "module.subnets.data.aws_vpc.default",
            "module.vpc.aws_vpc.default"
          ]
        }
      ]
    },
    {
      "module": "module.subnets",
      "mode": "data",
      "type": "aws_availability_zones",
      "name": "available",
      "provider": "provider[\"registry.terraform.io/hashicorp/aws\"]",
      "instances": [
        {
          "index_key": 0,
          "schema_version": 0,
          "attributes": {
            "all_availability_zones": null,
            "exclude_names": null,
            "exclude_zone_ids": null,
            "filter": null,
            "group_names": [
              "us-east-1"
            ],
            "id": "us-east-1",
            "names": [
              "us-east-1a",
              "us-east-1b",
              "us-east-1c",
              "us-east-1d",
              "us-east-1e",
              "us-east-1f"
            ],
            "state": null,
            "zone_ids": [
              "use1-az6",
              "use1-az1",
              "use1-az2",
              "use1-az4",
              "use1-az3",
              "use1-az5"
            ]
          },
          "sensitive_attributes": []
        }
      ]
    },
    {
      "module": "module.subnets",
      "mode": "data",
      "type": "aws_vpc",
      "name": "default",
      "provider": "provider[\"registry.terraform.io/hashicorp/aws\"]",
      "instances": [
        {
          "index_key": 0,
          "schema_version": 0,
          "attributes": {
            "arn": "arn:aws:ec2:us-east-1:051171442365:vpc/vpc-02791e16e019fcac7",
            "cidr_block": "172.16.0.0/16",
            "cidr_block_associations": [
              {
                "association_id": "vpc-cidr-assoc-06bd917a2ed81a83f",
                "cidr_block": "172.16.0.0/16",
                "state": "associated"
              }
            ],
            "default": false,
            "dhcp_options_id": "dopt-e7764a9d",
            "enable_dns_hostnames": true,
            "enable_dns_support": true,
            "filter": null,
            "id": "vpc-02791e16e019fcac7",
            "instance_tenancy": "default",
            "ipv6_association_id": "vpc-cidr-assoc-06499ff71478062a2",
            "ipv6_cidr_block": "2600:1f18:edc:ea00::/56",
            "main_route_table_id": "rtb-0c5a862faaa2729e7",
            "owner_id": "051171442365",
            "state": "available",
            "tags": {
              "kubernetes.io/cluster/cluster": "shared"
            }
          },
          "sensitive_attributes": []
        }
      ]
    },
    {
      "module": "module.subnets",
      "mode": "managed",
      "type": "aws_eip",
      "name": "default",
      "provider": "provider[\"registry.terraform.io/hashicorp/aws\"]",
      "instances": [
        {
          "index_key": 0,
          "schema_version": 0,
          "attributes": {
            "address": null,
            "allocation_id": null,
            "associate_with_private_ip": null,
            "association_id": "",
            "carrier_ip": "",
            "customer_owned_ip": "",
            "customer_owned_ipv4_pool": "",
            "domain": "vpc",
            "id": "eipalloc-07da1a2caf53b994a",
            "instance": "",
            "network_border_group": "us-east-1",
            "network_interface": "",
            "private_dns": null,
            "private_ip": "",
            "public_dns": "ec2-3-210-241-192.compute-1.amazonaws.com",
            "public_ip": "3.210.241.192",
            "public_ipv4_pool": "amazon",
            "tags": {
              "Attributes": "private",
              "Name": "private-use1b",
              "cpco.io/subnet/type": "private",
              "kubernetes.io/cluster/cluster": "shared",
              "kubernetes.io/role/internal-elb": "1"
            },
            "tags_all": {
              "Attributes": "private",
              "Name": "private-use1b",
              "cpco.io/subnet/type": "private",
              "kubernetes.io/cluster/cluster": "shared",
              "kubernetes.io/role/internal-elb": "1"
            },
            "timeouts": null,
            "vpc": true
          },
          "sensitive_attributes": [],
          "private": "eyJlMmJmYjczMC1lY2FhLTExZTYtOGY4OC0zNDM2M2JjN2M0YzAiOnsiZGVsZXRlIjoxODAwMDAwMDAwMDAsInJlYWQiOjkwMDAwMDAwMDAwMCwidXBkYXRlIjozMDAwMDAwMDAwMDB9fQ==",
          "create_before_destroy": true
        },
        {
          "index_key": 1,
          "schema_version": 0,
          "attributes": {
            "address": null,
            "allocation_id": null,
            "associate_with_private_ip": null,
            "association_id": "",
            "carrier_ip": "",
            "customer_owned_ip": "",
            "customer_owned_ipv4_pool": "",
            "domain": "vpc",
            "id": "eipalloc-04033cc9a38b9ce0f",
            "instance": "",
            "network_border_group": "us-east-1",
            "network_interface": "",
            "private_dns": null,
            "private_ip": "",
            "public_dns": "ec2-3-212-195-246.compute-1.amazonaws.com",
            "public_ip": "3.212.195.246",
            "public_ipv4_pool": "amazon",
            "tags": {
              "Attributes": "private",
              "Name": "private-use1c",
              "cpco.io/subnet/type": "private",
              "kubernetes.io/cluster/cluster": "shared",
              "kubernetes.io/role/internal-elb": "1"
            },
            "tags_all": {
              "Attributes": "private",
              "Name": "private-use1c",
              "cpco.io/subnet/type": "private",
              "kubernetes.io/cluster/cluster": "shared",
              "kubernetes.io/role/internal-elb": "1"
            },
            "timeouts": null,
            "vpc": true
          },
          "sensitive_attributes": [],
          "private": "eyJlMmJmYjczMC1lY2FhLTExZTYtOGY4OC0zNDM2M2JjN2M0YzAiOnsiZGVsZXRlIjoxODAwMDAwMDAwMDAsInJlYWQiOjkwMDAwMDAwMDAwMCwidXBkYXRlIjozMDAwMDAwMDAwMDB9fQ==",
          "create_before_destroy": true
        }
      ]
    },
    {
      "module": "module.subnets",
      "mode": "managed",
      "type": "aws_nat_gateway",
      "name": "default",
      "provider": "provider[\"registry.terraform.io/hashicorp/aws\"]",
      "instances": [
        {
          "index_key": 0,
          "schema_version": 0,
          "attributes": {
            "allocation_id": "eipalloc-07da1a2caf53b994a",
            "connectivity_type": "public",
            "id": "nat-0e649f7b125e9ad96",
            "network_interface_id": "eni-0c40cbbd69cac82e9",
            "private_ip": "172.16.105.170",
            "public_ip": "3.210.241.192",
            "subnet_id": "subnet-0ebaa46365c829a61",
            "tags": {
              "Attributes": "nat",
              "Name": "nat-use1b",
              "kubernetes.io/cluster/cluster": "shared"
            },
            "tags_all": {
              "Attributes": "nat",
              "Name": "nat-use1b",
              "kubernetes.io/cluster/cluster": "shared"
            }
          },
          "sensitive_attributes": [],
          "private": "bnVsbA==",
          "dependencies": [
            "module.subnets.aws_eip.default",
            "module.subnets.aws_subnet.public",
            "module.subnets.data.aws_availability_zones.available",
            "module.subnets.data.aws_eip.nat_ips",
            "module.subnets.data.aws_vpc.default",
            "module.vpc.aws_vpc.default"
          ],
          "create_before_destroy": true
        },
        {
          "index_key": 1,
          "schema_version": 0,
          "attributes": {
            "allocation_id": "eipalloc-04033cc9a38b9ce0f",
            "connectivity_type": "public",
            "id": "nat-02336fd457c3c37f1",
            "network_interface_id": "eni-071e006dbfdf2bda7",
            "private_ip": "172.16.122.39",
            "public_ip": "3.212.195.246",
            "subnet_id": "subnet-0193123b9d289cccc",
            "tags": {
              "Attributes": "nat",
              "Name": "nat-use1c",
              "kubernetes.io/cluster/cluster": "shared"
            },
            "tags_all": {
              "Attributes": "nat",
              "Name": "nat-use1c",
              "kubernetes.io/cluster/cluster": "shared"
            }
          },
          "sensitive_attributes": [],
          "private": "bnVsbA==",
          "dependencies": [
            "module.subnets.aws_eip.default",
            "module.subnets.aws_subnet.public",
            "module.subnets.data.aws_availability_zones.available",
            "module.subnets.data.aws_eip.nat_ips",
            "module.subnets.data.aws_vpc.default",
            "module.vpc.aws_vpc.default"
          ],
          "create_before_destroy": true
        }
      ]
    },
    {
      "module": "module.subnets",
      "mode": "managed",
      "type": "aws_network_acl",
      "name": "private",
      "provider": "provider[\"registry.terraform.io/hashicorp/aws\"]",
      "instances": [
        {
          "index_key": 0,
          "schema_version": 0,
          "attributes": {
            "arn": "arn:aws:ec2:us-east-1:051171442365:network-acl/acl-01d53aa8eafb03663",
            "egress": [
              {
                "action": "allow",
                "cidr_block": "0.0.0.0/0",
                "from_port": 0,
                "icmp_code": null,
                "icmp_type": null,
                "ipv6_cidr_block": "",
                "protocol": "-1",
                "rule_no": 100,
                "to_port": 0
              }
            ],
            "id": "acl-01d53aa8eafb03663",
            "ingress": [
              {
                "action": "allow",
                "cidr_block": "0.0.0.0/0",
                "from_port": 0,
                "icmp_code": null,
                "icmp_type": null,
                "ipv6_cidr_block": "",
                "protocol": "-1",
                "rule_no": 100,
                "to_port": 0
              }
            ],
            "owner_id": "051171442365",
            "subnet_ids": [
              "subnet-00300f4bf4869af35",
              "subnet-0039b161fa24fa8c1"
            ],
            "tags": {
              "Attributes": "private",
              "Name": "private",
              "cpco.io/subnet/type": "private",
              "kubernetes.io/cluster/cluster": "shared",
              "kubernetes.io/role/internal-elb": "1"
            },
            "tags_all": {
              "Attributes": "private",
              "Name": "private",
              "cpco.io/subnet/type": "private",
              "kubernetes.io/cluster/cluster": "shared",
              "kubernetes.io/role/internal-elb": "1"
            },
            "vpc_id": "vpc-02791e16e019fcac7"
          },
          "sensitive_attributes": [],
          "private": "bnVsbA==",
          "dependencies": [
            "module.subnets.aws_subnet.private",
            "module.subnets.data.aws_availability_zones.available",
            "module.subnets.data.aws_vpc.default",
            "module.vpc.aws_vpc.default"
          ]
        }
      ]
    },
    {
      "module": "module.subnets",
      "mode": "managed",
      "type": "aws_network_acl",
      "name": "public",
      "provider": "provider[\"registry.terraform.io/hashicorp/aws\"]",
      "instances": [
        {
          "index_key": 0,
          "schema_version": 0,
          "attributes": {
            "arn": "arn:aws:ec2:us-east-1:051171442365:network-acl/acl-0f6b7f59b7af6e299",
            "egress": [
              {
                "action": "allow",
                "cidr_block": "0.0.0.0/0",
                "from_port": 0,
                "icmp_code": null,
                "icmp_type": null,
                "ipv6_cidr_block": "",
                "protocol": "-1",
                "rule_no": 100,
                "to_port": 0
              }
            ],
            "id": "acl-0f6b7f59b7af6e299",
            "ingress": [
              {
                "action": "allow",
                "cidr_block": "0.0.0.0/0",
                "from_port": 0,
                "icmp_code": null,
                "icmp_type": null,
                "ipv6_cidr_block": "",
                "protocol": "-1",
                "rule_no": 100,
                "to_port": 0
              }
            ],
            "owner_id": "051171442365",
            "subnet_ids": [
              "subnet-0193123b9d289cccc",
              "subnet-0ebaa46365c829a61"
            ],
            "tags": {
              "Attributes": "public",
              "Name": "public",
              "cpco.io/subnet/type": "public",
              "kubernetes.io/cluster/cluster": "shared",
              "kubernetes.io/role/elb": "1"
            },
            "tags_all": {
              "Attributes": "public",
              "Name": "public",
              "cpco.io/subnet/type": "public",
              "kubernetes.io/cluster/cluster": "shared",
              "kubernetes.io/role/elb": "1"
            },
            "vpc_id": "vpc-02791e16e019fcac7"
          },
          "sensitive_attributes": [],
          "private": "bnVsbA==",
          "dependencies": [
            "module.subnets.aws_subnet.public",
            "module.subnets.data.aws_availability_zones.available",
            "module.subnets.data.aws_vpc.default",
            "module.vpc.aws_vpc.default"
          ]
        }
      ]
    },
    {
      "module": "module.subnets",
      "mode": "managed",
      "type": "aws_route",
      "name": "default",
      "provider": "provider[\"registry.terraform.io/hashicorp/aws\"]",
      "instances": [
        {
          "index_key": 0,
          "schema_version": 0,
          "attributes": {
            "carrier_gateway_id": "",
            "destination_cidr_block": "0.0.0.0/0",
            "destination_ipv6_cidr_block": "",
            "destination_prefix_list_id": "",
            "egress_only_gateway_id": "",
            "gateway_id": "",
            "id": "r-rtb-0dd9cc073c613f09e1080289494",
            "instance_id": "",
            "instance_owner_id": "",
            "local_gateway_id": "",
            "nat_gateway_id": "nat-0e649f7b125e9ad96",
            "network_interface_id": "",
            "origin": "CreateRoute",
            "route_table_id": "rtb-0dd9cc073c613f09e",
            "state": "active",
            "timeouts": {
              "create": "2m",
              "delete": "5m"
            },
            "transit_gateway_id": "",
            "vpc_endpoint_id": "",
            "vpc_peering_connection_id": ""
          },
          "sensitive_attributes": [],
          "private": "eyJlMmJmYjczMC1lY2FhLTExZTYtOGY4OC0zNDM2M2JjN2M0YzAiOnsiY3JlYXRlIjoxMjAwMDAwMDAwMDAsImRlbGV0ZSI6MzAwMDAwMDAwMDAwfX0=",
          "dependencies": [
            "module.subnets.aws_eip.default",
            "module.subnets.aws_nat_gateway.default",
            "module.subnets.aws_route_table.private",
            "module.subnets.aws_subnet.public",
            "module.subnets.data.aws_availability_zones.available",
            "module.subnets.data.aws_eip.nat_ips",
            "module.subnets.data.aws_vpc.default",
            "module.vpc.aws_vpc.default"
          ]
        },
        {
          "index_key": 1,
          "schema_version": 0,
          "attributes": {
            "carrier_gateway_id": "",
            "destination_cidr_block": "0.0.0.0/0",
            "destination_ipv6_cidr_block": "",
            "destination_prefix_list_id": "",
            "egress_only_gateway_id": "",
            "gateway_id": "",
            "id": "r-rtb-0c0f99587fc58d9481080289494",
            "instance_id": "",
            "instance_owner_id": "",
            "local_gateway_id": "",
            "nat_gateway_id": "nat-02336fd457c3c37f1",
            "network_interface_id": "",
            "origin": "CreateRoute",
            "route_table_id": "rtb-0c0f99587fc58d948",
            "state": "active",
            "timeouts": {
              "create": "2m",
              "delete": "5m"
            },
            "transit_gateway_id": "",
            "vpc_endpoint_id": "",
            "vpc_peering_connection_id": ""
          },
          "sensitive_attributes": [],
          "private": "eyJlMmJmYjczMC1lY2FhLTExZTYtOGY4OC0zNDM2M2JjN2M0YzAiOnsiY3JlYXRlIjoxMjAwMDAwMDAwMDAsImRlbGV0ZSI6MzAwMDAwMDAwMDAwfX0=",
          "dependencies": [
            "module.subnets.aws_eip.default",
            "module.subnets.aws_nat_gateway.default",
            "module.subnets.aws_route_table.private",
            "module.subnets.aws_subnet.public",
            "module.subnets.data.aws_availability_zones.available",
            "module.subnets.data.aws_eip.nat_ips",
            "module.subnets.data.aws_vpc.default",
            "module.vpc.aws_vpc.default"
          ]
        }
      ]
    },
    {
      "module": "module.subnets",
      "mode": "managed",
      "type": "aws_route",
      "name": "public",
      "provider": "provider[\"registry.terraform.io/hashicorp/aws\"]",
      "instances": [
        {
          "index_key": 0,
          "schema_version": 0,
          "attributes": {
            "carrier_gateway_id": "",
            "destination_cidr_block": "0.0.0.0/0",
            "destination_ipv6_cidr_block": "",
            "destination_prefix_list_id": "",
            "egress_only_gateway_id": "",
            "gateway_id": "igw-0287f72cd0b192135",
            "id": "r-rtb-0cdc8f320c99b3b151080289494",
            "instance_id": "",
            "instance_owner_id": "",
            "local_gateway_id": "",
            "nat_gateway_id": "",
            "network_interface_id": "",
            "origin": "CreateRoute",
            "route_table_id": "rtb-0cdc8f320c99b3b15",
            "state": "active",
            "timeouts": {
              "create": "2m",
              "delete": "5m"
            },
            "transit_gateway_id": "",
            "vpc_endpoint_id": "",
            "vpc_peering_connection_id": ""
          },
          "sensitive_attributes": [],
          "private": "eyJlMmJmYjczMC1lY2FhLTExZTYtOGY4OC0zNDM2M2JjN2M0YzAiOnsiY3JlYXRlIjoxMjAwMDAwMDAwMDAsImRlbGV0ZSI6MzAwMDAwMDAwMDAwfX0=",
          "dependencies": [
            "module.subnets.aws_route_table.public",
            "module.subnets.data.aws_vpc.default",
            "module.vpc.aws_internet_gateway.default",
            "module.vpc.aws_vpc.default"
          ]
        }
      ]
    },
    {
      "module": "module.subnets",
      "mode": "managed",
      "type": "aws_route_table",
      "name": "private",
      "provider": "provider[\"registry.terraform.io/hashicorp/aws\"]",
      "instances": [
        {
          "index_key": 0,
          "schema_version": 0,
          "attributes": {
            "arn": "arn:aws:ec2:us-east-1:051171442365:route-table/rtb-0dd9cc073c613f09e",
            "id": "rtb-0dd9cc073c613f09e",
            "owner_id": "051171442365",
            "propagating_vgws": [],
            "route": [],
            "tags": {
              "Attributes": "private",
              "Name": "private-use1b",
              "cpco.io/subnet/type": "private",
              "kubernetes.io/cluster/cluster": "shared",
              "kubernetes.io/role/internal-elb": "1"
            },
            "tags_all": {
              "Attributes": "private",
              "Name": "private-use1b",
              "cpco.io/subnet/type": "private",
              "kubernetes.io/cluster/cluster": "shared",
              "kubernetes.io/role/internal-elb": "1"
            },
            "vpc_id": "vpc-02791e16e019fcac7"
          },
          "sensitive_attributes": [],
          "private": "bnVsbA==",
          "dependencies": [
            "module.subnets.data.aws_vpc.default",
            "module.vpc.aws_vpc.default"
          ]
        },
        {
          "index_key": 1,
          "schema_version": 0,
          "attributes": {
            "arn": "arn:aws:ec2:us-east-1:051171442365:route-table/rtb-0c0f99587fc58d948",
            "id": "rtb-0c0f99587fc58d948",
            "owner_id": "051171442365",
            "propagating_vgws": [],
            "route": [],
            "tags": {
              "Attributes": "private",
              "Name": "private-use1c",
              "cpco.io/subnet/type": "private",
              "kubernetes.io/cluster/cluster": "shared",
              "kubernetes.io/role/internal-elb": "1"
            },
            "tags_all": {
              "Attributes": "private",
              "Name": "private-use1c",
              "cpco.io/subnet/type": "private",
              "kubernetes.io/cluster/cluster": "shared",
              "kubernetes.io/role/internal-elb": "1"
            },
            "vpc_id": "vpc-02791e16e019fcac7"
          },
          "sensitive_attributes": [],
          "private": "bnVsbA==",
          "dependencies": [
            "module.subnets.data.aws_vpc.default",
            "module.vpc.aws_vpc.default"
          ]
        }
      ]
    },
    {
      "module": "module.subnets",
      "mode": "managed",
      "type": "aws_route_table",
      "name": "public",
      "provider": "provider[\"registry.terraform.io/hashicorp/aws\"]",
      "instances": [
        {
          "index_key": 0,
          "schema_version": 0,
          "attributes": {
            "arn": "arn:aws:ec2:us-east-1:051171442365:route-table/rtb-0cdc8f320c99b3b15",
            "id": "rtb-0cdc8f320c99b3b15",
            "owner_id": "051171442365",
            "propagating_vgws": [],
            "route": [],
            "tags": {
              "Attributes": "public",
              "Name": "public",
              "cpco.io/subnet/type": "public",
              "kubernetes.io/cluster/cluster": "shared",
              "kubernetes.io/role/elb": "1"
            },
            "tags_all": {
              "Attributes": "public",
              "Name": "public",
              "cpco.io/subnet/type": "public",
              "kubernetes.io/cluster/cluster": "shared",
              "kubernetes.io/role/elb": "1"
            },
            "vpc_id": "vpc-02791e16e019fcac7"
          },
          "sensitive_attributes": [],
          "private": "bnVsbA==",
          "dependencies": [
            "module.subnets.data.aws_vpc.default",
            "module.vpc.aws_vpc.default"
          ]
        }
      ]
    },
    {
      "module": "module.subnets",
      "mode": "managed",
      "type": "aws_route_table_association",
      "name": "private",
      "provider": "provider[\"registry.terraform.io/hashicorp/aws\"]",
      "instances": [
        {
          "index_key": 0,
          "schema_version": 0,
          "attributes": {
            "gateway_id": "",
            "id": "rtbassoc-0569b5266c4d9802f",
            "route_table_id": "rtb-0dd9cc073c613f09e",
            "subnet_id": "subnet-0039b161fa24fa8c1"
          },
          "sensitive_attributes": [],
          "private": "bnVsbA==",
          "dependencies": [
            "module.subnets.aws_route_table.private",
            "module.subnets.aws_subnet.private",
            "module.subnets.data.aws_availability_zones.available",
            "module.subnets.data.aws_vpc.default",
            "module.vpc.aws_vpc.default"
          ]
        },
        {
          "index_key": 1,
          "schema_version": 0,
          "attributes": {
            "gateway_id": "",
            "id": "rtbassoc-0a1d28e539726203c",
            "route_table_id": "rtb-0c0f99587fc58d948",
            "subnet_id": "subnet-00300f4bf4869af35"
          },
          "sensitive_attributes": [],
          "private": "bnVsbA==",
          "dependencies": [
            "module.subnets.aws_route_table.private",
            "module.subnets.aws_subnet.private",
            "module.subnets.data.aws_availability_zones.available",
            "module.subnets.data.aws_vpc.default",
            "module.vpc.aws_vpc.default"
          ]
        }
      ]
    },
    {
      "module": "module.subnets",
      "mode": "managed",
      "type": "aws_route_table_association",
      "name": "public",
      "provider": "provider[\"registry.terraform.io/hashicorp/aws\"]",
      "instances": [
        {
          "index_key": 0,
          "schema_version": 0,
          "attributes": {
            "gateway_id": "",
            "id": "rtbassoc-0d570242b196584dd",
            "route_table_id": "rtb-0cdc8f320c99b3b15",
            "subnet_id": "subnet-0ebaa46365c829a61"
          },
          "sensitive_attributes": [],
          "private": "bnVsbA==",
          "dependencies": [
            "module.subnets.aws_route_table.public",
            "module.subnets.aws_subnet.public",
            "module.subnets.data.aws_availability_zones.available",
            "module.subnets.data.aws_vpc.default",
            "module.vpc.aws_vpc.default"
          ]
        },
        {
          "index_key": 1,
          "schema_version": 0,
          "attributes": {
            "gateway_id": "",
            "id": "rtbassoc-0d78c81bcc9440be4",
            "route_table_id": "rtb-0cdc8f320c99b3b15",
            "subnet_id": "subnet-0193123b9d289cccc"
          },
          "sensitive_attributes": [],
          "private": "bnVsbA==",
          "dependencies": [
            "module.subnets.aws_route_table.public",
            "module.subnets.aws_subnet.public",
            "module.subnets.data.aws_availability_zones.available",
            "module.subnets.data.aws_vpc.default",
            "module.vpc.aws_vpc.default"
          ]
        }
      ]
    },
    {
      "module": "module.subnets",
      "mode": "managed",
      "type": "aws_subnet",
      "name": "private",
      "provider": "provider[\"registry.terraform.io/hashicorp/aws\"]",
      "instances": [
        {
          "index_key": 0,
          "schema_version": 1,
          "attributes": {
            "arn": "arn:aws:ec2:us-east-1:051171442365:subnet/subnet-0039b161fa24fa8c1",
            "assign_ipv6_address_on_creation": false,
            "availability_zone": "us-east-1b",
            "availability_zone_id": "use1-az1",
            "cidr_block": "172.16.0.0/20",
            "customer_owned_ipv4_pool": "",
            "id": "subnet-0039b161fa24fa8c1",
            "ipv6_cidr_block": "",
            "ipv6_cidr_block_association_id": "",
            "map_customer_owned_ip_on_launch": false,
            "map_public_ip_on_launch": false,
            "outpost_arn": "",
            "owner_id": "051171442365",
            "tags": {
              "Attributes": "private",
              "Name": "private-use1b",
              "cpco.io/subnet/type": "private",
              "kubernetes.io/cluster/cluster": "shared",
              "kubernetes.io/role/internal-elb": "1"
            },
            "tags_all": {
              "Attributes": "private",
              "Name": "private-use1b",
              "cpco.io/subnet/type": "private",
              "kubernetes.io/cluster/cluster": "shared",
              "kubernetes.io/role/internal-elb": "1"
            },
            "timeouts": null,
            "vpc_id": "vpc-02791e16e019fcac7"
          },
          "sensitive_attributes": [],
          "private": "eyJlMmJmYjczMC1lY2FhLTExZTYtOGY4OC0zNDM2M2JjN2M0YzAiOnsiY3JlYXRlIjo2MDAwMDAwMDAwMDAsImRlbGV0ZSI6MTIwMDAwMDAwMDAwMH0sInNjaGVtYV92ZXJzaW9uIjoiMSJ9",
          "dependencies": [
            "module.subnets.data.aws_availability_zones.available",
            "module.subnets.data.aws_vpc.default",
            "module.vpc.aws_vpc.default"
          ]
        },
        {
          "index_key": 1,
          "schema_version": 1,
          "attributes": {
            "arn": "arn:aws:ec2:us-east-1:051171442365:subnet/subnet-00300f4bf4869af35",
            "assign_ipv6_address_on_creation": false,
            "availability_zone": "us-east-1c",
            "availability_zone_id": "use1-az2",
            "cidr_block": "172.16.16.0/20",
            "customer_owned_ipv4_pool": "",
            "id": "subnet-00300f4bf4869af35",
            "ipv6_cidr_block": "",
            "ipv6_cidr_block_association_id": "",
            "map_customer_owned_ip_on_launch": false,
            "map_public_ip_on_launch": false,
            "outpost_arn": "",
            "owner_id": "051171442365",
            "tags": {
              "Attributes": "private",
              "Name": "private-use1c",
              "cpco.io/subnet/type": "private",
              "kubernetes.io/cluster/cluster": "shared",
              "kubernetes.io/role/internal-elb": "1"
            },
            "tags_all": {
              "Attributes": "private",
              "Name": "private-use1c",
              "cpco.io/subnet/type": "private",
              "kubernetes.io/cluster/cluster": "shared",
              "kubernetes.io/role/internal-elb": "1"
            },
            "timeouts": null,
            "vpc_id": "vpc-02791e16e019fcac7"
          },
          "sensitive_attributes": [],
          "private": "eyJlMmJmYjczMC1lY2FhLTExZTYtOGY4OC0zNDM2M2JjN2M0YzAiOnsiY3JlYXRlIjo2MDAwMDAwMDAwMDAsImRlbGV0ZSI6MTIwMDAwMDAwMDAwMH0sInNjaGVtYV92ZXJzaW9uIjoiMSJ9",
          "dependencies": [
            "module.subnets.data.aws_availability_zones.available",
            "module.subnets.data.aws_vpc.default",
            "module.vpc.aws_vpc.default"
          ]
        }
      ]
    },
    {
      "module": "module.subnets",
      "mode": "managed",
      "type": "aws_subnet",
      "name": "public",
      "provider": "provider[\"registry.terraform.io/hashicorp/aws\"]",
      "instances": [
        {
          "index_key": 0,
          "schema_version": 1,
          "attributes": {
            "arn": "arn:aws:ec2:us-east-1:051171442365:subnet/subnet-0ebaa46365c829a61",
            "assign_ipv6_address_on_creation": false,
            "availability_zone": "us-east-1b",
            "availability_zone_id": "use1-az1",
            "cidr_block": "172.16.96.0/20",
            "customer_owned_ipv4_pool": "",
            "id": "subnet-0ebaa46365c829a61",
            "ipv6_cidr_block": "",
            "ipv6_cidr_block_association_id": "",
            "map_customer_owned_ip_on_launch": false,
            "map_public_ip_on_launch": true,
            "outpost_arn": "",
            "owner_id": "051171442365",
            "tags": {
              "Attributes": "public",
              "Name": "public-use1b",
              "cpco.io/subnet/type": "public",
              "kubernetes.io/cluster/cluster": "shared",
              "kubernetes.io/role/elb": "1"
            },
            "tags_all": {
              "Attributes": "public",
              "Name": "public-use1b",
              "cpco.io/subnet/type": "public",
              "kubernetes.io/cluster/cluster": "shared",
              "kubernetes.io/role/elb": "1"
            },
            "timeouts": null,
            "vpc_id": "vpc-02791e16e019fcac7"
          },
          "sensitive_attributes": [],
          "private": "eyJlMmJmYjczMC1lY2FhLTExZTYtOGY4OC0zNDM2M2JjN2M0YzAiOnsiY3JlYXRlIjo2MDAwMDAwMDAwMDAsImRlbGV0ZSI6MTIwMDAwMDAwMDAwMH0sInNjaGVtYV92ZXJzaW9uIjoiMSJ9",
          "dependencies": [
            "module.subnets.data.aws_availability_zones.available",
            "module.subnets.data.aws_vpc.default",
            "module.vpc.aws_vpc.default"
          ],
          "create_before_destroy": true
        },
        {
          "index_key": 1,
          "schema_version": 1,
          "attributes": {
            "arn": "arn:aws:ec2:us-east-1:051171442365:subnet/subnet-0193123b9d289cccc",
            "assign_ipv6_address_on_creation": false,
            "availability_zone": "us-east-1c",
            "availability_zone_id": "use1-az2",
            "cidr_block": "172.16.112.0/20",
            "customer_owned_ipv4_pool": "",
            "id": "subnet-0193123b9d289cccc",
            "ipv6_cidr_block": "",
            "ipv6_cidr_block_association_id": "",
            "map_customer_owned_ip_on_launch": false,
            "map_public_ip_on_launch": true,
            "outpost_arn": "",
            "owner_id": "051171442365",
            "tags": {
              "Attributes": "public",
              "Name": "public-use1c",
              "cpco.io/subnet/type": "public",
              "kubernetes.io/cluster/cluster": "shared",
              "kubernetes.io/role/elb": "1"
            },
            "tags_all": {
              "Attributes": "public",
              "Name": "public-use1c",
              "cpco.io/subnet/type": "public",
              "kubernetes.io/cluster/cluster": "shared",
              "kubernetes.io/role/elb": "1"
            },
            "timeouts": null,
            "vpc_id": "vpc-02791e16e019fcac7"
          },
          "sensitive_attributes": [],
          "private": "eyJlMmJmYjczMC1lY2FhLTExZTYtOGY4OC0zNDM2M2JjN2M0YzAiOnsiY3JlYXRlIjo2MDAwMDAwMDAwMDAsImRlbGV0ZSI6MTIwMDAwMDAwMDAwMH0sInNjaGVtYV92ZXJzaW9uIjoiMSJ9",
          "dependencies": [
            "module.subnets.data.aws_availability_zones.available",
            "module.subnets.data.aws_vpc.default",
            "module.vpc.aws_vpc.default"
          ],
          "create_before_destroy": true
        }
      ]
    },
    {
      "module": "module.subnets.module.utils",
      "mode": "data",
      "type": "aws_regions",
      "name": "default",
      "provider": "provider[\"registry.terraform.io/hashicorp/aws\"]",
      "instances": [
        {
          "schema_version": 0,
          "attributes": {
            "all_regions": true,
            "filter": [
              {
                "name": "opt-in-status",
                "values": [
                  "opt-in-not-required"
                ]
              }
            ],
            "id": "aws",
            "names": [
              "ap-northeast-1",
              "ap-northeast-2",
              "ap-northeast-3",
              "ap-south-1",
              "ap-southeast-1",
              "ap-southeast-2",
              "ca-central-1",
              "eu-central-1",
              "eu-north-1",
              "eu-west-1",
              "eu-west-2",
              "eu-west-3",
              "sa-east-1",
              "us-east-1",
              "us-east-2",
              "us-west-1",
              "us-west-2"
            ]
          },
          "sensitive_attributes": []
        }
      ]
    },
    {
      "module": "module.subnets.module.utils",
      "mode": "data",
      "type": "aws_regions",
      "name": "not_opted_in",
      "provider": "provider[\"registry.terraform.io/hashicorp/aws\"]",
      "instances": [
        {
          "schema_version": 0,
          "attributes": {
            "all_regions": true,
            "filter": [
              {
                "name": "opt-in-status",
                "values": [
                  "not-opted-in"
                ]
              }
            ],
            "id": "aws",
            "names": [
              "af-south-1",
              "ap-east-1",
              "eu-south-1",
              "me-south-1"
            ]
          },
          "sensitive_attributes": []
        }
      ]
    },
    {
      "module": "module.subnets.module.utils",
      "mode": "data",
      "type": "aws_regions",
      "name": "opted_in",
      "provider": "provider[\"registry.terraform.io/hashicorp/aws\"]",
      "instances": [
        {
          "schema_version": 0,
          "attributes": {
            "all_regions": true,
            "filter": [
              {
                "name": "opt-in-status",
                "values": [
                  "opted-in"
                ]
              }
            ],
            "id": "aws",
            "names": []
          },
          "sensitive_attributes": []
        }
      ]
    },
    {
      "module": "module.vpc",
      "mode": "managed",
      "type": "aws_default_security_group",
      "name": "default",
      "provider": "provider[\"registry.terraform.io/hashicorp/aws\"]",
      "instances": [
        {
          "index_key": 0,
          "schema_version": 1,
          "attributes": {
            "arn": "arn:aws:ec2:us-east-1:051171442365:security-group/sg-06de6cce39135ea40",
            "description": "default VPC security group",
            "egress": [],
            "id": "sg-06de6cce39135ea40",
            "ingress": [],
            "name": "default",
            "owner_id": "051171442365",
            "revoke_rules_on_delete": false,
            "tags": {
              "Name": "Default Security Group",
              "kubernetes.io/cluster/cluster": "shared"
            },
            "tags_all": {
              "Name": "Default Security Group",
              "kubernetes.io/cluster/cluster": "shared"
            },
            "vpc_id": "vpc-02791e16e019fcac7"
          },
          "sensitive_attributes": [],
          "private": "eyJzY2hlbWFfdmVyc2lvbiI6IjEifQ==",
          "dependencies": [
            "module.vpc.aws_vpc.default"
          ]
        }
      ]
    },
    {
      "module": "module.vpc",
      "mode": "managed",
      "type": "aws_internet_gateway",
      "name": "default",
      "provider": "provider[\"registry.terraform.io/hashicorp/aws\"]",
      "instances": [
        {
          "index_key": 0,
          "schema_version": 0,
          "attributes": {
            "arn": "arn:aws:ec2:us-east-1:051171442365:internet-gateway/igw-0287f72cd0b192135",
            "id": "igw-0287f72cd0b192135",
            "owner_id": "051171442365",
            "tags": {
              "kubernetes.io/cluster/cluster": "shared"
            },
            "tags_all": {
              "kubernetes.io/cluster/cluster": "shared"
            },
            "vpc_id": "vpc-02791e16e019fcac7"
          },
          "sensitive_attributes": [],
          "private": "bnVsbA==",
          "dependencies": [
            "module.vpc.aws_vpc.default"
          ]
        }
      ]
    },
    {
      "module": "module.vpc",
      "mode": "managed",
      "type": "aws_vpc",
      "name": "default",
      "provider": "provider[\"registry.terraform.io/hashicorp/aws\"]",
      "instances": [
        {
          "index_key": 0,
          "schema_version": 1,
          "attributes": {
            "arn": "arn:aws:ec2:us-east-1:051171442365:vpc/vpc-02791e16e019fcac7",
            "assign_generated_ipv6_cidr_block": true,
            "cidr_block": "172.16.0.0/16",
            "default_network_acl_id": "acl-0945071bedb2ab65c",
            "default_route_table_id": "rtb-0c5a862faaa2729e7",
            "default_security_group_id": "sg-06de6cce39135ea40",
            "dhcp_options_id": "dopt-e7764a9d",
            "enable_classiclink": false,
            "enable_classiclink_dns_support": false,
            "enable_dns_hostnames": true,
            "enable_dns_support": true,
            "id": "vpc-02791e16e019fcac7",
            "instance_tenancy": "default",
            "ipv6_association_id": "vpc-cidr-assoc-06499ff71478062a2",
            "ipv6_cidr_block": "2600:1f18:edc:ea00::/56",
            "main_route_table_id": "rtb-0c5a862faaa2729e7",
            "owner_id": "051171442365",
            "tags": {
              "kubernetes.io/cluster/cluster": "shared"
            },
            "tags_all": {
              "kubernetes.io/cluster/cluster": "shared"
            }
          },
          "sensitive_attributes": [],
          "private": "eyJzY2hlbWFfdmVyc2lvbiI6IjEifQ==",
          "create_before_destroy": true
        }
      ]
    }
  ]
}
